
Microsoft Visual Studio Solution File, Format Version 12.00
# Visual Studio Version 17
VisualStudioVersion = 17.7.34003.232
MinimumVisualStudioVersion = 10.0.40219.1
Project("{FAE04EC0-301F-11D3-BF4B-00C04F79EFBC}") = "ConsomeAPIDesk", "ConsomeAPIDesk.csproj", "{231C7131-4A9A-4E76-ABC8-22C18BAD474C}"
EndProject
Global
	GlobalSection(SolutionConfigurationPlatforms) = preSolution
		Debug|Any CPU = Debug|Any CPU
		Release|Any CPU = Release|Any CPU
	EndGlobalSection
	GlobalSection(ProjectConfigurationPlatforms) = postSolution
		{231C7131-4A9A-4E76-ABC8-22C18BAD474C}.Debug|Any CPU.ActiveCfg = Debug|Any CPU
		{231C7131-4A9A-4E76-ABC8-22C18BAD474C}.Debug|Any CPU.Build.0 = Debug|Any CPU
		{231C7131-4A9A-4E76-ABC8-22C18BAD474C}.Release|Any CPU.ActiveCfg = Release|Any CPU
		{231C7131-4A9A-4E76-ABC8-22C18BAD474C}.Release|Any CPU.Build.0 = Release|Any CPU
	EndGlobalSection
	GlobalSection(SolutionProperties) = preSolution
		HideSolutionNode = FALSE
	EndGlobalSection
	GlobalSection(ExtensibilityGlobals) = postSolution
		SolutionGuid = {E9314765-EF02-4181-991A-C77AF331601B}
	EndGlobalSection
EndGlobal
